{
    "name": "@paperbits/knockout",
    "version": "0.0.67",
    "lockfileVersion": 1,
    "requires": true,
    "dependencies": {
        "knockout": {
            "version": "3.5.0-beta",
            "resolved": "https://registry.npmjs.org/knockout/-/knockout-3.5.0-beta.tgz",
            "integrity": "sha512-2RutDNYaCivUhnTtfV8WjgtMleLpbxzDbFkRp4/hI8dZEVerHwtvhmZ7rke0NRdj/bKK3coz41ckeiRNC68AsQ=="
        }
    }
}
